
Microsoft Visual Studio Solution File, Format Version 12.00
Project("{FAE04EC0-301F-11D3-BF4B-00C04F79EFBC}") = "MudBlazorWebApp1", "MudBlazorWebApp1\MudBlazorWebApp1.csproj", "{0CEF9332-1687-4D36-ABE8-D0BCE80FE126}"
EndProject
Global
	GlobalSection(SolutionConfigurationPlatforms) = preSolution
		Debug|Any CPU = Debug|Any CPU
		Release|Any CPU = Release|Any CPU
	EndGlobalSection
	GlobalSection(ProjectConfigurationPlatforms) = postSolution
		{0CEF9332-1687-4D36-ABE8-D0BCE80FE126}.Debug|Any CPU.ActiveCfg = Debug|Any CPU
		{0CEF9332-1687-4D36-ABE8-D0BCE80FE126}.Debug|Any CPU.Build.0 = Debug|Any CPU
		{0CEF9332-1687-4D36-ABE8-D0BCE80FE126}.Release|Any CPU.ActiveCfg = Release|Any CPU
		{0CEF9332-1687-4D36-ABE8-D0BCE80FE126}.Release|Any CPU.Build.0 = Release|Any CPU
	EndGlobalSection
EndGlobal
